{
    "_readme": [
        "This file locks the dependencies of your project to a known state",
        "Read more about it at https://getcomposer.org/doc/01-basic-usage.md#composer-lock-the-lock-file",
        "This file is @generated automatically"
    ],
    "hash": "071923dcbdb780bb24c2e8f1d1821d1e",
    "content-hash": "690bda869ff9c99285060d80758d1604",
    "packages": [
        {
            "name": "monolog/monolog",
            "version": "1.17.2",
            "source": {
                "type": "git",
                "url": "https://github.com/Seldaek/monolog.git",
                "reference": "bee7f0dc9c3e0b69a6039697533dca1e845c8c24"
            },
            "dist": {
                "type": "zip",
                "url": "https://api.github.com/repos/Seldaek/monolog/zipball/bee7f0dc9c3e0b69a6039697533dca1e845c8c24",
                "reference": "bee7f0dc9c3e0b69a6039697533dca1e845c8c24",
                "shasum": ""
            },
            "require": {
                "php": ">=5.3.0",
                "psr/log": "~1.0"
            },
            "provide": {
                "psr/log-implementation": "1.0.0"
            },
            "require-dev": {
                "aws/aws-sdk-php": "^2.4.9",
                "doctrine/couchdb": "~1.0@dev",
                "graylog2/gelf-php": "~1.0",
                "jakub-onderka/php-parallel-lint": "0.9",
                "php-console/php-console": "^3.1.3",
                "phpunit/phpunit": "~4.5",
                "phpunit/phpunit-mock-objects": "2.3.0",
                "raven/raven": "^0.13",
                "ruflin/elastica": ">=0.90 <3.0",
                "swiftmailer/swiftmailer": "~5.3",
                "videlalvaro/php-amqplib": "~2.4"
            },
            "suggest": {
                "aws/aws-sdk-php": "Allow sending log messages to AWS services like DynamoDB",
                "doctrine/couchdb": "Allow sending log messages to a CouchDB server",
                "ext-amqp": "Allow sending log messages to an AMQP server (1.0+ required)",
                "ext-mongo": "Allow sending log messages to a MongoDB server",
                "graylog2/gelf-php": "Allow sending log messages to a GrayLog2 server",
                "php-console/php-console": "Allow sending log messages to Google Chrome",
                "raven/raven": "Allow sending log messages to a Sentry server",
                "rollbar/rollbar": "Allow sending log messages to Rollbar",
                "ruflin/elastica": "Allow sending log messages to an Elastic Search server",
                "videlalvaro/php-amqplib": "Allow sending log messages to an AMQP server using php-amqplib"
            },
            "type": "library",
            "extra": {
                "branch-alias": {
                    "dev-master": "1.16.x-dev"
                }
            },
            "autoload": {
                "psr-4": {
                    "Monolog\\": "src/Monolog"
                }
            },
            "notification-url": "https://packagist.org/downloads/",
            "license": [
                "MIT"
            ],
            "authors": [
                {
                    "name": "Jordi Boggiano",
                    "email": "j.boggiano@seld.be",
                    "homepage": "http://seld.be"
                }
            ],
            "description": "Sends your logs to files, sockets, inboxes, databases and various web services",
            "homepage": "http://github.com/Seldaek/monolog",
            "keywords": [
                "log",
                "logging",
                "psr-3"
            ],
            "time": "2015-10-14 12:51:02"
        },
        {
            "name": "php2wsdl/php2wsdl",
            "version": "0.5",
            "source": {
                "type": "git",
                "url": "https://github.com/dragosprotung/php2wsdl.git",
                "reference": "4dc7a41667535bab9543de425b3bb6db54fda950"
            },
            "dist": {
                "type": "zip",
                "url": "https://api.github.com/repos/dragosprotung/php2wsdl/zipball/4dc7a41667535bab9543de425b3bb6db54fda950",
                "reference": "4dc7a41667535bab9543de425b3bb6db54fda950",
                "shasum": ""
            },
            "require": {
                "php": ">=5.4",
                "wingu/reflection": "~1.0"
            },
            "require-dev": {
                "phpunit/phpunit": "~4.8",
                "scrutinizer/ocular": "~1.1"
            },
            "type": "library",
            "autoload": {
                "psr-4": {
                    "PHP2WSDL\\": "src"
                }
            },
            "notification-url": "https://packagist.org/downloads/",
            "license": [
                "MIT"
            ],
            "authors": [
                {
                    "name": "Dragos Protung",
                    "email": "dragos@protung.ro"
                }
            ],
            "description": "Create WSDL files form PHP classes.",
            "homepage": "http://github.com/dragosprotung/php2wsdl",
            "keywords": [
                "web services",
                "wsdl",
                "wsdl generator"
            ],
            "time": "2015-12-13 16:45:23"
        },
        {
            "name": "psr/log",
            "version": "1.0.0",
            "source": {
                "type": "git",
                "url": "https://github.com/php-fig/log.git",
                "reference": "fe0936ee26643249e916849d48e3a51d5f5e278b"
            },
            "dist": {
                "type": "zip",
                "url": "https://api.github.com/repos/php-fig/log/zipball/fe0936ee26643249e916849d48e3a51d5f5e278b",
                "reference": "fe0936ee26643249e916849d48e3a51d5f5e278b",
                "shasum": ""
            },
            "type": "library",
            "autoload": {
                "psr-0": {
                    "Psr\\Log\\": ""
                }
            },
            "notification-url": "https://packagist.org/downloads/",
            "license": [
                "MIT"
            ],
            "authors": [
                {
                    "name": "PHP-FIG",
                    "homepage": "http://www.php-fig.org/"
                }
            ],
            "description": "Common interface for logging libraries",
            "keywords": [
                "log",
                "psr",
                "psr-3"
            ],
            "time": "2012-12-21 11:40:51"
        },
        {
            "name": "raveren/kint",
            "version": "v0.9",
            "source": {
                "type": "git",
                "url": "https://github.com/raveren/kint.git",
                "reference": "ada810111ced4e3a926b4040da9b86442e43b613"
            },
            "dist": {
                "type": "zip",
                "url": "https://api.github.com/repos/raveren/kint/zipball/ada810111ced4e3a926b4040da9b86442e43b613",
                "reference": "ada810111ced4e3a926b4040da9b86442e43b613",
                "shasum": ""
            },
            "require": {
                "php": ">=5.2.0"
            },
            "type": "library",
            "autoload": {
                "files": [
                    "Kint.class.php"
                ]
            },
            "notification-url": "https://packagist.org/downloads/",
            "license": [
                "MIT"
            ],
            "authors": [
                {
                    "name": "Rokas Šleinius",
                    "homepage": "https://github.com/raveren"
                },
                {
                    "name": "Contributors",
                    "homepage": "https://github.com/raveren/kint/contributors"
                }
            ],
            "description": "Kint - debugging helper for PHP developers",
            "homepage": "https://github.com/raveren/kint",
            "keywords": [
                "debug",
                "kint",
                "php"
            ],
            "time": "2013-08-12 22:46:16"
        },
        {
            "name": "taq/phpr",
            "version": "0.0.1",
            "source": {
                "type": "git",
                "url": "https://github.com/taq/phpr.git",
                "reference": "a95e3d765ba71a074732e5517114deda43c887f8"
            },
            "dist": {
                "type": "zip",
                "url": "https://api.github.com/repos/taq/phpr/zipball/a95e3d765ba71a074732e5517114deda43c887f8",
                "reference": "a95e3d765ba71a074732e5517114deda43c887f8",
                "shasum": ""
            },
            "require": {
                "php": ">=5.3.0"
            },
            "type": "library",
            "autoload": {
                "psr-4": {
                    "PHPR\\": "src"
                }
            },
            "notification-url": "https://packagist.org/downloads/",
            "license": [
                "GPL-2.0"
            ],
            "authors": [
                {
                    "name": "Eustaquio Rangel",
                    "email": "eustaquiorangel@gmail.com",
                    "homepage": "http://eustaquiorangel.com",
                    "role": "Developer"
                }
            ],
            "description": "Extending some PHP classes to be used on a more functional way",
            "homepage": "http://github.com/taq/phpr",
            "keywords": [
                "functional",
                "language"
            ],
            "time": "2015-12-01 20:28:30"
        },
        {
            "name": "wingu/reflection",
            "version": "1.0.4",
            "source": {
                "type": "git",
                "url": "https://github.com/Speicher210/Reflection.git",
                "reference": "b5f3be85ac287455d83e8313b06471a210e1bfb9"
            },
            "dist": {
                "type": "zip",
                "url": "https://api.github.com/repos/Speicher210/Reflection/zipball/b5f3be85ac287455d83e8313b06471a210e1bfb9",
                "reference": "b5f3be85ac287455d83e8313b06471a210e1bfb9",
                "shasum": ""
            },
            "require": {
                "php": ">=5.4"
            },
            "require-dev": {
                "phpunit/phpunit": "4.*",
                "scrutinizer/ocular": "~1.1"
            },
            "type": "library",
            "autoload": {
                "psr-4": {
                    "Wingu\\OctopusCore\\Reflection\\": "src"
                }
            },
            "notification-url": "https://packagist.org/downloads/",
            "license": [
                "MIT"
            ],
            "authors": [
                {
                    "name": "Dragos Protung",
                    "email": "dragos@protung.ro",
                    "role": "Developer"
                }
            ],
            "description": "Library on top of PHP Reflection with some extra helper methods and a more powerful PHP DocBlock and annotation tags reflection",
            "homepage": "https://github.com/Speicher210/Reflection",
            "keywords": [
                "annotations",
                "php reflection",
                "reflection"
            ],
            "time": "2015-03-19 16:20:21"
        }
    ],
    "packages-dev": [],
    "aliases": [],
    "minimum-stability": "stable",
    "stability-flags": [],
    "prefer-stable": false,
    "prefer-lowest": false,
    "platform": [],
    "platform-dev": []
}
